
Microsoft Visual Studio Solution File, Format Version 12.00
Project("{FAE04EC0-301F-11D3-BF4B-00C04F79EFBC}") = "bART_Solutions_TestTask", "bART_Solutions_TestTask\bART_Solutions_TestTask.csproj", "{C64664D8-629B-40DF-9D82-9182509B784D}"
EndProject
Global
	GlobalSection(SolutionConfigurationPlatforms) = preSolution
		Debug|Any CPU = Debug|Any CPU
		Release|Any CPU = Release|Any CPU
	EndGlobalSection
	GlobalSection(ProjectConfigurationPlatforms) = postSolution
		{C64664D8-629B-40DF-9D82-9182509B784D}.Debug|Any CPU.ActiveCfg = Debug|Any CPU
		{C64664D8-629B-40DF-9D82-9182509B784D}.Debug|Any CPU.Build.0 = Debug|Any CPU
		{C64664D8-629B-40DF-9D82-9182509B784D}.Release|Any CPU.ActiveCfg = Release|Any CPU
		{C64664D8-629B-40DF-9D82-9182509B784D}.Release|Any CPU.Build.0 = Release|Any CPU
	EndGlobalSection
EndGlobal
